
Microsoft Visual Studio Solution File, Format Version 12.00
# Visual Studio Version 16
VisualStudioVersion = 16.0.31004.235
MinimumVisualStudioVersion = 10.0.40219.1
Project("{9A19103F-16F7-4668-BE54-9A1E7A4F7556}") = "ThopFood.Blazor", "ThopFood.Blazor\ThopFood.Blazor.csproj", "{54ED5076-D9A1-4F38-B6DC-50EF490A028A}"
EndProject
Project("{9A19103F-16F7-4668-BE54-9A1E7A4F7556}") = "ThopFood.Blazor.BUnit", "ThopFood.Blazor.BUnit\ThopFood.Blazor.BUnit.csproj", "{CA92428C-9DD8-4A51-8728-E827FB711148}"
EndProject
Project("{2150E333-8FDC-42A3-9474-1A3956D46DE8}") = "Blazor", "Blazor", "{16DA982D-4293-4BDD-8096-2AC7FADCE465}"
EndProject
Project("{FAE04EC0-301F-11D3-BF4B-00C04F79EFBC}") = "ThopFood.API", "ThopFood.API\ThopFood.API.csproj", "{C302B902-B34A-44D6-A10B-B080C0114908}"
EndProject
Project("{FAE04EC0-301F-11D3-BF4B-00C04F79EFBC}") = "ThopFood.Shared", "ThopFood.Shared\ThopFood.Shared.csproj", "{55534173-E512-4B99-BC6C-BA80DE047BC0}"
EndProject
Global
	GlobalSection(SolutionConfigurationPlatforms) = preSolution
		Debug|Any CPU = Debug|Any CPU
		Release|Any CPU = Release|Any CPU
	EndGlobalSection
	GlobalSection(ProjectConfigurationPlatforms) = postSolution
		{54ED5076-D9A1-4F38-B6DC-50EF490A028A}.Debug|Any CPU.ActiveCfg = Debug|Any CPU
		{54ED5076-D9A1-4F38-B6DC-50EF490A028A}.Debug|Any CPU.Build.0 = Debug|Any CPU
		{54ED5076-D9A1-4F38-B6DC-50EF490A028A}.Release|Any CPU.ActiveCfg = Release|Any CPU
		{54ED5076-D9A1-4F38-B6DC-50EF490A028A}.Release|Any CPU.Build.0 = Release|Any CPU
		{CA92428C-9DD8-4A51-8728-E827FB711148}.Debug|Any CPU.ActiveCfg = Debug|Any CPU
		{CA92428C-9DD8-4A51-8728-E827FB711148}.Debug|Any CPU.Build.0 = Debug|Any CPU
		{CA92428C-9DD8-4A51-8728-E827FB711148}.Release|Any CPU.ActiveCfg = Release|Any CPU
		{CA92428C-9DD8-4A51-8728-E827FB711148}.Release|Any CPU.Build.0 = Release|Any CPU
		{C302B902-B34A-44D6-A10B-B080C0114908}.Debug|Any CPU.ActiveCfg = Debug|Any CPU
		{C302B902-B34A-44D6-A10B-B080C0114908}.Debug|Any CPU.Build.0 = Debug|Any CPU
		{C302B902-B34A-44D6-A10B-B080C0114908}.Release|Any CPU.ActiveCfg = Release|Any CPU
		{C302B902-B34A-44D6-A10B-B080C0114908}.Release|Any CPU.Build.0 = Release|Any CPU
		{55534173-E512-4B99-BC6C-BA80DE047BC0}.Debug|Any CPU.ActiveCfg = Debug|Any CPU
		{55534173-E512-4B99-BC6C-BA80DE047BC0}.Debug|Any CPU.Build.0 = Debug|Any CPU
		{55534173-E512-4B99-BC6C-BA80DE047BC0}.Release|Any CPU.ActiveCfg = Release|Any CPU
		{55534173-E512-4B99-BC6C-BA80DE047BC0}.Release|Any CPU.Build.0 = Release|Any CPU
	EndGlobalSection
	GlobalSection(SolutionProperties) = preSolution
		HideSolutionNode = FALSE
	EndGlobalSection
	GlobalSection(NestedProjects) = preSolution
		{54ED5076-D9A1-4F38-B6DC-50EF490A028A} = {16DA982D-4293-4BDD-8096-2AC7FADCE465}
		{CA92428C-9DD8-4A51-8728-E827FB711148} = {16DA982D-4293-4BDD-8096-2AC7FADCE465}
	EndGlobalSection
	GlobalSection(ExtensibilityGlobals) = postSolution
		SolutionGuid = {78805917-528F-4F74-AA4C-DB560FBB9E85}
	EndGlobalSection
EndGlobal
